
Microsoft Visual Studio Solution File, Format Version 12.00
# Visual Studio Version 17
VisualStudioVersion = 17.10.35013.160
MinimumVisualStudioVersion = 10.0.40219.1
Project("{FAE04EC0-301F-11D3-BF4B-00C04F79EFBC}") = "Simple calculator", "Simple calculator\Simple calculator.csproj", "{7146174D-C8D6-43FF-8116-BB9B5911D46D}"
EndProject
Global
	GlobalSection(SolutionConfigurationPlatforms) = preSolution
		Debug|Any CPU = Debug|Any CPU
		Release|Any CPU = Release|Any CPU
	EndGlobalSection
	GlobalSection(ProjectConfigurationPlatforms) = postSolution
		{7146174D-C8D6-43FF-8116-BB9B5911D46D}.Debug|Any CPU.ActiveCfg = Debug|Any CPU
		{7146174D-C8D6-43FF-8116-BB9B5911D46D}.Debug|Any CPU.Build.0 = Debug|Any CPU
		{7146174D-C8D6-43FF-8116-BB9B5911D46D}.Release|Any CPU.ActiveCfg = Release|Any CPU
		{7146174D-C8D6-43FF-8116-BB9B5911D46D}.Release|Any CPU.Build.0 = Release|Any CPU
	EndGlobalSection
	GlobalSection(SolutionProperties) = preSolution
		HideSolutionNode = FALSE
	EndGlobalSection
	GlobalSection(ExtensibilityGlobals) = postSolution
		SolutionGuid = {D8A47EF2-3FB4-447C-B393-1CA6F07BA934}
	EndGlobalSection
EndGlobal
